using System;
using System.Collections.Generic;
using System.ComponentModel;
using System.Data;
using System.Drawing;
using System.Linq;
using System.Text;
using System.Threading.Tasks;
using System.Windows.Forms;

namespace The_Flip_DS
{
    public partial class cardForm : Form
    {
        public cardForm()
        {
            InitializeComponent();
        }

        private void CardFrontPictureBox_Click(object sender, EventArgs e)
        {
            // 'Flips' the card over to the back
            cardFrontPictureBox.Visible = false;
            cardBackPictureBox.Visible = true;
        }

        private void CardBackPictureBox_Click(object sender, EventArgs e)
        {
            // 'Flips' the card over to the front
            cardFrontPictureBox.Visible = true;
            cardBackPictureBox.Visible = false;
        }
    }
}
